
Microsoft Visual Studio Solution File, Format Version 12.00
# Visual Studio 15
VisualStudioVersion = 15.0.26124.0
MinimumVisualStudioVersion = 15.0.26124.0
Project("{FAE04EC0-301F-11D3-BF4B-00C04F79EFBC}") = "eShopClone.Catalog.Api", "eShopClone.Catalog.Api\eShopClone.Catalog.Api.csproj", "{C94794BE-884E-445F-B851-77A1AA08755F}"
EndProject
Project("{FAE04EC0-301F-11D3-BF4B-00C04F79EFBC}") = "eShopClone.Catalog.Infrastructure", "eShopClone.Catalog.Infrastructure\eShopClone.Catalog.Infrastructure.csproj", "{A5C9E4EB-7195-450B-AB77-083C3F244CF8}"
EndProject
Project("{FAE04EC0-301F-11D3-BF4B-00C04F79EFBC}") = "eShopClone.Catalog.Application", "eShopClone.Catalog.Application\eShopClone.Catalog.Application.csproj", "{C67B5803-24D5-4EB1-8B5E-D2524A529779}"
EndProject
Project("{FAE04EC0-301F-11D3-BF4B-00C04F79EFBC}") = "eShopClone.Catalog.Domain", "eShopClone.Catalog.Domain\eShopClone.Catalog.Domain.csproj", "{CEDE21DD-CB64-4C40-A13A-91416C91EC8A}"
EndProject
Global
	GlobalSection(SolutionConfigurationPlatforms) = preSolution
		Debug|Any CPU = Debug|Any CPU
		Debug|x64 = Debug|x64
		Debug|x86 = Debug|x86
		Release|Any CPU = Release|Any CPU
		Release|x64 = Release|x64
		Release|x86 = Release|x86
	EndGlobalSection
	GlobalSection(SolutionProperties) = preSolution
		HideSolutionNode = FALSE
	EndGlobalSection
	GlobalSection(ProjectConfigurationPlatforms) = postSolution
		{C94794BE-884E-445F-B851-77A1AA08755F}.Debug|Any CPU.ActiveCfg = Debug|Any CPU
		{C94794BE-884E-445F-B851-77A1AA08755F}.Debug|Any CPU.Build.0 = Debug|Any CPU
		{C94794BE-884E-445F-B851-77A1AA08755F}.Debug|x64.ActiveCfg = Debug|Any CPU
		{C94794BE-884E-445F-B851-77A1AA08755F}.Debug|x64.Build.0 = Debug|Any CPU
		{C94794BE-884E-445F-B851-77A1AA08755F}.Debug|x86.ActiveCfg = Debug|Any CPU
		{C94794BE-884E-445F-B851-77A1AA08755F}.Debug|x86.Build.0 = Debug|Any CPU
		{C94794BE-884E-445F-B851-77A1AA08755F}.Release|Any CPU.ActiveCfg = Release|Any CPU
		{C94794BE-884E-445F-B851-77A1AA08755F}.Release|Any CPU.Build.0 = Release|Any CPU
		{C94794BE-884E-445F-B851-77A1AA08755F}.Release|x64.ActiveCfg = Release|Any CPU
		{C94794BE-884E-445F-B851-77A1AA08755F}.Release|x64.Build.0 = Release|Any CPU
		{C94794BE-884E-445F-B851-77A1AA08755F}.Release|x86.ActiveCfg = Release|Any CPU
		{C94794BE-884E-445F-B851-77A1AA08755F}.Release|x86.Build.0 = Release|Any CPU
		{A5C9E4EB-7195-450B-AB77-083C3F244CF8}.Debug|Any CPU.ActiveCfg = Debug|Any CPU
		{A5C9E4EB-7195-450B-AB77-083C3F244CF8}.Debug|Any CPU.Build.0 = Debug|Any CPU
		{A5C9E4EB-7195-450B-AB77-083C3F244CF8}.Debug|x64.ActiveCfg = Debug|Any CPU
		{A5C9E4EB-7195-450B-AB77-083C3F244CF8}.Debug|x64.Build.0 = Debug|Any CPU
		{A5C9E4EB-7195-450B-AB77-083C3F244CF8}.Debug|x86.ActiveCfg = Debug|Any CPU
		{A5C9E4EB-7195-450B-AB77-083C3F244CF8}.Debug|x86.Build.0 = Debug|Any CPU
		{A5C9E4EB-7195-450B-AB77-083C3F244CF8}.Release|Any CPU.ActiveCfg = Release|Any CPU
		{A5C9E4EB-7195-450B-AB77-083C3F244CF8}.Release|Any CPU.Build.0 = Release|Any CPU
		{A5C9E4EB-7195-450B-AB77-083C3F244CF8}.Release|x64.ActiveCfg = Release|Any CPU
		{A5C9E4EB-7195-450B-AB77-083C3F244CF8}.Release|x64.Build.0 = Release|Any CPU
		{A5C9E4EB-7195-450B-AB77-083C3F244CF8}.Release|x86.ActiveCfg = Release|Any CPU
		{A5C9E4EB-7195-450B-AB77-083C3F244CF8}.Release|x86.Build.0 = Release|Any CPU
		{C67B5803-24D5-4EB1-8B5E-D2524A529779}.Debug|Any CPU.ActiveCfg = Debug|Any CPU
		{C67B5803-24D5-4EB1-8B5E-D2524A529779}.Debug|Any CPU.Build.0 = Debug|Any CPU
		{C67B5803-24D5-4EB1-8B5E-D2524A529779}.Debug|x64.ActiveCfg = Debug|Any CPU
		{C67B5803-24D5-4EB1-8B5E-D2524A529779}.Debug|x64.Build.0 = Debug|Any CPU
		{C67B5803-24D5-4EB1-8B5E-D2524A529779}.Debug|x86.ActiveCfg = Debug|Any CPU
		{C67B5803-24D5-4EB1-8B5E-D2524A529779}.Debug|x86.Build.0 = Debug|Any CPU
		{C67B5803-24D5-4EB1-8B5E-D2524A529779}.Release|Any CPU.ActiveCfg = Release|Any CPU
		{C67B5803-24D5-4EB1-8B5E-D2524A529779}.Release|Any CPU.Build.0 = Release|Any CPU
		{C67B5803-24D5-4EB1-8B5E-D2524A529779}.Release|x64.ActiveCfg = Release|Any CPU
		{C67B5803-24D5-4EB1-8B5E-D2524A529779}.Release|x64.Build.0 = Release|Any CPU
		{C67B5803-24D5-4EB1-8B5E-D2524A529779}.Release|x86.ActiveCfg = Release|Any CPU
		{C67B5803-24D5-4EB1-8B5E-D2524A529779}.Release|x86.Build.0 = Release|Any CPU
		{CEDE21DD-CB64-4C40-A13A-91416C91EC8A}.Debug|Any CPU.ActiveCfg = Debug|Any CPU
		{CEDE21DD-CB64-4C40-A13A-91416C91EC8A}.Debug|Any CPU.Build.0 = Debug|Any CPU
		{CEDE21DD-CB64-4C40-A13A-91416C91EC8A}.Debug|x64.ActiveCfg = Debug|Any CPU
		{CEDE21DD-CB64-4C40-A13A-91416C91EC8A}.Debug|x64.Build.0 = Debug|Any CPU
		{CEDE21DD-CB64-4C40-A13A-91416C91EC8A}.Debug|x86.ActiveCfg = Debug|Any CPU
		{CEDE21DD-CB64-4C40-A13A-91416C91EC8A}.Debug|x86.Build.0 = Debug|Any CPU
		{CEDE21DD-CB64-4C40-A13A-91416C91EC8A}.Release|Any CPU.ActiveCfg = Release|Any CPU
		{CEDE21DD-CB64-4C40-A13A-91416C91EC8A}.Release|Any CPU.Build.0 = Release|Any CPU
		{CEDE21DD-CB64-4C40-A13A-91416C91EC8A}.Release|x64.ActiveCfg = Release|Any CPU
		{CEDE21DD-CB64-4C40-A13A-91416C91EC8A}.Release|x64.Build.0 = Release|Any CPU
		{CEDE21DD-CB64-4C40-A13A-91416C91EC8A}.Release|x86.ActiveCfg = Release|Any CPU
		{CEDE21DD-CB64-4C40-A13A-91416C91EC8A}.Release|x86.Build.0 = Release|Any CPU
	EndGlobalSection
EndGlobal
